// !$*UTF8*$!
{
	archiveVersion = 1;
	classes = {
	};
	objectVersion = 52;
	objects = {

/* Begin PBXBuildFile section */
		313F4DB523E00DC40086E836 /* HotKey in Frameworks */ = {isa = PBXBuildFile; productRef = 313F4DB423E00DC40086E836 /* HotKey */; };
		3148B57923DE260D0075A192 /* AppDelegate.swift in Sources */ = {isa = PBXBuildFile; fileRef = 3148B57823DE260D0075A192 /* AppDelegate.swift */; };
		3148B57B23DE260F0075A192 /* Assets.xcassets in Resources */ = {isa = PBXBuildFile; fileRef = 3148B57A23DE260F0075A192 /* Assets.xcassets */; };
		3148B57E23DE260F0075A192 /* MainMenu.xib in Resources */ = {isa = PBXBuildFile; fileRef = 3148B57C23DE260F0075A192 /* MainMenu.xib */; };
		3148B58723DE2A700075A192 /* StatusMenuController.swift in Sources */ = {isa = PBXBuildFile; fileRef = 3148B58623DE2A700075A192 /* StatusMenuController.swift */; };
		3152B18723DF762300B8FA7E /* KeychainAccess in Frameworks */ = {isa = PBXBuildFile; productRef = 3152B18623DF762300B8FA7E /* KeychainAccess */; };
		31E0DC8A23DE374900AC1230 /* SwiftyTimer.swift in Sources */ = {isa = PBXBuildFile; fileRef = 31E0DC8823DE374900AC1230 /* SwiftyTimer.swift */; };
		31E0DC8B23DE374900AC1230 /* totp.js in Resources */ = {isa = PBXBuildFile; fileRef = 31E0DC8923DE374900AC1230 /* totp.js */; };
		40AEECBBC8958A3FC40BD381 /* Pods_2FA_to_Tray.framework in Frameworks */ = {isa = PBXBuildFile; fileRef = 9D368B2DE27131740CA97301 /* Pods_2FA_to_Tray.framework */; };
/* End PBXBuildFile section */

/* Begin PBXFileReference section */
		3148B57523DE260D0075A192 /* 2FA to Tray.app */ = {isa = PBXFileReference; explicitFileType = wrapper.application; includeInIndex = 0; path = "2FA to Tray.app"; sourceTree = BUILT_PRODUCTS_DIR; };
		3148B57823DE260D0075A192 /* AppDelegate.swift */ = {isa = PBXFileReference; lastKnownFileType = sourcecode.swift; path = AppDelegate.swift; sourceTree = "<group>"; };
		3148B57A23DE260F0075A192 /* Assets.xcassets */ = {isa = PBXFileReference; lastKnownFileType = folder.assetcatalog; path = Assets.xcassets; sourceTree = "<group>"; };
		3148B57D23DE260F0075A192 /* Base */ = {isa = PBXFileReference; lastKnownFileType = file.xib; name = Base; path = Base.lproj/MainMenu.xib; sourceTree = "<group>"; };
		3148B57F23DE260F0075A192 /* Info.plist */ = {isa = PBXFileReference; lastKnownFileType = text.plist.xml; path = Info.plist; sourceTree = "<group>"; };
		3148B58023DE260F0075A192 /* 2FAtoTray.entitlements */ = {isa = PBXFileReference; lastKnownFileType = text.plist.entitlements; path = 2FAtoTray.entitlements; sourceTree = "<group>"; };
		3148B58623DE2A700075A192 /* StatusMenuController.swift */ = {isa = PBXFileReference; lastKnownFileType = sourcecode.swift; path = StatusMenuController.swift; sourceTree = "<group>"; };
		31E0DC8823DE374900AC1230 /* SwiftyTimer.swift */ = {isa = PBXFileReference; fileEncoding = 4; lastKnownFileType = sourcecode.swift; path = SwiftyTimer.swift; sourceTree = "<group>"; };
		31E0DC8923DE374900AC1230 /* totp.js */ = {isa = PBXFileReference; fileEncoding = 4; lastKnownFileType = sourcecode.javascript; path = totp.js; sourceTree = "<group>"; };
		7103E84D3F79ED69F3DD35F8 /* Pods-2FA to Tray.release.xcconfig */ = {isa = PBXFileReference; includeInIndex = 1; lastKnownFileType = text.xcconfig; name = "Pods-2FA to Tray.release.xcconfig"; path = "Target Support Files/Pods-2FA to Tray/Pods-2FA to Tray.release.xcconfig"; sourceTree = "<group>"; };
		9D368B2DE27131740CA97301 /* Pods_2FA_to_Tray.framework */ = {isa = PBXFileReference; explicitFileType = wrapper.framework; includeInIndex = 0; path = Pods_2FA_to_Tray.framework; sourceTree = BUILT_PRODUCTS_DIR; };
		CC1B4C7E02B91F91EFFC3AB1 /* Pods-2FA to Tray.debug.xcconfig */ = {isa = PBXFileReference; includeInIndex = 1; lastKnownFileType = text.xcconfig; name = "Pods-2FA to Tray.debug.xcconfig"; path = "Target Support Files/Pods-2FA to Tray/Pods-2FA to Tray.debug.xcconfig"; sourceTree = "<group>"; };
/* End PBXFileReference section */

/* Begin PBXFrameworksBuildPhase section */
		3148B57223DE260D0075A192 /* Frameworks */ = {
			isa = PBXFrameworksBuildPhase;
			buildActionMask = 2147483647;
			files = (
				313F4DB523E00DC40086E836 /* HotKey in Frameworks */,
				3152B18723DF762300B8FA7E /* KeychainAccess in Frameworks */,
				40AEECBBC8958A3FC40BD381 /* Pods_2FA_to_Tray.framework in Frameworks */,
			);
			runOnlyForDeploymentPostprocessing = 0;
		};
/* End PBXFrameworksBuildPhase section */

/* Begin PBXGroup section */
		3148B56C23DE260D0075A192 = {
			isa = PBXGroup;
			children = (
				3148B57723DE260D0075A192 /* 2FA to Tray */,
				3148B57623DE260D0075A192 /* Products */,
				DB75127BC31F59EE6500DF97 /* Pods */,
				9AA3A54D865A3318572A0845 /* Frameworks */,
			);
			sourceTree = "<group>";
		};
		3148B57623DE260D0075A192 /* Products */ = {
			isa = PBXGroup;
			children = (
				3148B57523DE260D0075A192 /* 2FA to Tray.app */,
			);
			name = Products;
			sourceTree = "<group>";
		};
		3148B57723DE260D0075A192 /* 2FA to Tray */ = {
			isa = PBXGroup;
			children = (
				3148B57823DE260D0075A192 /* AppDelegate.swift */,
				3148B58623DE2A700075A192 /* StatusMenuController.swift */,
				3148B57A23DE260F0075A192 /* Assets.xcassets */,
				3148B57C23DE260F0075A192 /* MainMenu.xib */,
				31E0DC8823DE374900AC1230 /* SwiftyTimer.swift */,
				31E0DC8923DE374900AC1230 /* totp.js */,
				3148B57F23DE260F0075A192 /* Info.plist */,
				3148B58023DE260F0075A192 /* 2FAtoTray.entitlements */,
			);
			path = "2FA to Tray";
			sourceTree = "<group>";
		};
		9AA3A54D865A3318572A0845 /* Frameworks */ = {
			isa = PBXGroup;
			children = (
				9D368B2DE27131740CA97301 /* Pods_2FA_to_Tray.framework */,
			);
			name = Frameworks;
			sourceTree = "<group>";
		};
		DB75127BC31F59EE6500DF97 /* Pods */ = {
			isa = PBXGroup;
			children = (
				CC1B4C7E02B91F91EFFC3AB1 /* Pods-2FA to Tray.debug.xcconfig */,
				7103E84D3F79ED69F3DD35F8 /* Pods-2FA to Tray.release.xcconfig */,
			);
			path = Pods;
			sourceTree = "<group>";
		};
/* End PBXGroup section */

/* Begin PBXNativeTarget section */
		3148B57423DE260D0075A192 /* 2FA to Tray */ = {
			isa = PBXNativeTarget;
			buildConfigurationList = 3148B58323DE260F0075A192 /* Build configuration list for PBXNativeTarget "2FA to Tray" */;
			buildPhases = (
				BC2E8896602A91781AA6FD74 /* [CP] Check Pods Manifest.lock */,
				3148B57123DE260D0075A192 /* Sources */,
				3148B57223DE260D0075A192 /* Frameworks */,
				3148B57323DE260D0075A192 /* Resources */,
				E9C050E747033A0C29AAF70A /* [CP] Embed Pods Frameworks */,
			);
			buildRules = (
			);
			dependencies = (
			);
			name = "2FA to Tray";
			packageProductDependencies = (
				3152B18623DF762300B8FA7E /* KeychainAccess */,
				313F4DB423E00DC40086E836 /* HotKey */,
			);
			productName = "2FA to Tray";
			productReference = 3148B57523DE260D0075A192 /* 2FA to Tray.app */;
			productType = "com.apple.product-type.application";
		};
/* End PBXNativeTarget section */

/* Begin PBXProject section */
		3148B56D23DE260D0075A192 /* Project object */ = {
			isa = PBXProject;
			attributes = {
				LastSwiftUpdateCheck = 1130;
				LastUpgradeCheck = 1130;
				ORGANIZATIONNAME = DaFuqtor;
				TargetAttributes = {
					3148B57423DE260D0075A192 = {
						CreatedOnToolsVersion = 11.3;
					};
				};
			};
			buildConfigurationList = 3148B57023DE260D0075A192 /* Build configuration list for PBXProject "2FA to Tray" */;
			compatibilityVersion = "Xcode 9.3";
			developmentRegion = en;
			hasScannedForEncodings = 0;
			knownRegions = (
				en,
				Base,
			);
			mainGroup = 3148B56C23DE260D0075A192;
			packageReferences = (
				3152B18523DF762300B8FA7E /* XCRemoteSwiftPackageReference "KeychainAccess" */,
				313F4DB323E00DC40086E836 /* XCRemoteSwiftPackageReference "HotKey" */,
			);
			productRefGroup = 3148B57623DE260D0075A192 /* Products */;
			projectDirPath = "";
			projectRoot = "";
			targets = (
				3148B57423DE260D0075A192 /* 2FA to Tray */,
			);
		};
/* End PBXProject section */

/* Begin PBXResourcesBuildPhase section */
		3148B57323DE260D0075A192 /* Resources */ = {
			isa = PBXResourcesBuildPhase;
			buildActionMask = 2147483647;
			files = (
				31E0DC8B23DE374900AC1230 /* totp.js in Resources */,
				3148B57B23DE260F0075A192 /* Assets.xcassets in Resources */,
				3148B57E23DE260F0075A192 /* MainMenu.xib in Resources */,
			);
			runOnlyForDeploymentPostprocessing = 0;
		};
/* End PBXResourcesBuildPhase section */

/* Begin PBXShellScriptBuildPhase section */
		BC2E8896602A91781AA6FD74 /* [CP] Check Pods Manifest.lock */ = {
			isa = PBXShellScriptBuildPhase;
			buildActionMask = 2147483647;
			files = (
			);
			inputFileListPaths = (
			);
			inputPaths = (
				"${PODS_PODFILE_DIR_PATH}/Podfile.lock",
				"${PODS_ROOT}/Manifest.lock",
			);
			name = "[CP] Check Pods Manifest.lock";
			outputFileListPaths = (
			);
			outputPaths = (
				"$(DERIVED_FILE_DIR)/Pods-2FA to Tray-checkManifestLockResult.txt",
			);
			runOnlyForDeploymentPostprocessing = 0;
			shellPath = /bin/sh;
			shellScript = "diff \"${PODS_PODFILE_DIR_PATH}/Podfile.lock\" \"${PODS_ROOT}/Manifest.lock\" > /dev/null\nif [ $? != 0 ] ; then\n    # print error to STDERR\n    echo \"error: The sandbox is not in sync with the Podfile.lock. Run 'pod install' or update your CocoaPods installation.\" >&2\n    exit 1\nfi\n# This output is used by Xcode 'outputs' to avoid re-running this script phase.\necho \"SUCCESS\" > \"${SCRIPT_OUTPUT_FILE_0}\"\n";
			showEnvVarsInLog = 0;
		};
		E9C050E747033A0C29AAF70A /* [CP] Embed Pods Frameworks */ = {
			isa = PBXShellScriptBuildPhase;
			buildActionMask = 2147483647;
			files = (
			);
			inputFileListPaths = (
				"${PODS_ROOT}/Target Support Files/Pods-2FA to Tray/Pods-2FA to Tray-frameworks-${CONFIGURATION}-input-files.xcfilelist",
			);
			name = "[CP] Embed Pods Frameworks";
			outputFileListPaths = (
				"${PODS_ROOT}/Target Support Files/Pods-2FA to Tray/Pods-2FA to Tray-frameworks-${CONFIGURATION}-output-files.xcfilelist",
			);
			runOnlyForDeploymentPostprocessing = 0;
			shellPath = /bin/sh;
			shellScript = "\"${PODS_ROOT}/Target Support Files/Pods-2FA to Tray/Pods-2FA to Tray-frameworks.sh\"\n";
			showEnvVarsInLog = 0;
		};
/* End PBXShellScriptBuildPhase section */

/* Begin PBXSourcesBuildPhase section */
		3148B57123DE260D0075A192 /* Sources */ = {
			isa = PBXSourcesBuildPhase;
			buildActionMask = 2147483647;
			files = (
				31E0DC8A23DE374900AC1230 /* SwiftyTimer.swift in Sources */,
				3148B58723DE2A700075A192 /* StatusMenuController.swift in Sources */,
				3148B57923DE260D0075A192 /* AppDelegate.swift in Sources */,
			);
			runOnlyForDeploymentPostprocessing = 0;
		};
/* End PBXSourcesBuildPhase section */

/* Begin PBXVariantGroup section */
		3148B57C23DE260F0075A192 /* MainMenu.xib */ = {
			isa = PBXVariantGroup;
			children = (
				3148B57D23DE260F0075A192 /* Base */,
			);
			name = MainMenu.xib;
			sourceTree = "<group>";
		};
/* End PBXVariantGroup section */

/* Begin XCBuildConfiguration section */
		3148B58123DE260F0075A192 /* Debug */ = {
			isa = XCBuildConfiguration;
			buildSettings = {
				ALWAYS_SEARCH_USER_PATHS = NO;
				CLANG_ANALYZER_NONNULL = YES;
				CLANG_ANALYZER_NUMBER_OBJECT_CONVERSION = YES_AGGRESSIVE;
				CLANG_CXX_LANGUAGE_STANDARD = "gnu++14";
				CLANG_CXX_LIBRARY = "libc++";
				CLANG_ENABLE_MODULES = YES;
				CLANG_ENABLE_OBJC_ARC = YES;
				CLANG_ENABLE_OBJC_WEAK = YES;
				CLANG_WARN_BLOCK_CAPTURE_AUTORELEASING = YES;
				CLANG_WARN_BOOL_CONVERSION = YES;
				CLANG_WARN_COMMA = YES;
				CLANG_WARN_CONSTANT_CONVERSION = YES;
				CLANG_WARN_DEPRECATED_OBJC_IMPLEMENTATIONS = YES;
				CLANG_WARN_DIRECT_OBJC_ISA_USAGE = YES_ERROR;
				CLANG_WARN_DOCUMENTATION_COMMENTS = YES;
				CLANG_WARN_EMPTY_BODY = YES;
				CLANG_WARN_ENUM_CONVERSION = YES;
				CLANG_WARN_INFINITE_RECURSION = YES;
				CLANG_WARN_INT_CONVERSION = YES;
				CLANG_WARN_NON_LITERAL_NULL_CONVERSION = YES;
				CLANG_WARN_OBJC_IMPLICIT_RETAIN_SELF = YES;
				CLANG_WARN_OBJC_LITERAL_CONVERSION = YES;
				CLANG_WARN_OBJC_ROOT_CLASS = YES_ERROR;
				CLANG_WARN_RANGE_LOOP_ANALYSIS = YES;
				CLANG_WARN_STRICT_PROTOTYPES = YES;
				CLANG_WARN_SUSPICIOUS_MOVE = YES;
				CLANG_WARN_UNGUARDED_AVAILABILITY = YES_AGGRESSIVE;
				CLANG_WARN_UNREACHABLE_CODE = YES;
				CLANG_WARN__DUPLICATE_METHOD_MATCH = YES;
				CODE_SIGN_IDENTITY = "-";
				CODE_SIGN_STYLE = Automatic;
				COPY_PHASE_STRIP = NO;
				DEBUG_INFORMATION_FORMAT = dwarf;
				DEVELOPMENT_TEAM = "";
				ENABLE_STRICT_OBJC_MSGSEND = YES;
				ENABLE_TESTABILITY = YES;
				GCC_C_LANGUAGE_STANDARD = gnu11;
				GCC_DYNAMIC_NO_PIC = NO;
				GCC_NO_COMMON_BLOCKS = YES;
				GCC_OPTIMIZATION_LEVEL = 0;
				GCC_PREPROCESSOR_DEFINITIONS = (
					"DEBUG=1",
					"$(inherited)",
				);
				GCC_WARN_64_TO_32_BIT_CONVERSION = YES;
				GCC_WARN_ABOUT_RETURN_TYPE = YES_ERROR;
				GCC_WARN_UNDECLARED_SELECTOR = YES;
				GCC_WARN_UNINITIALIZED_AUTOS = YES_AGGRESSIVE;
				GCC_WARN_UNUSED_FUNCTION = YES;
				GCC_WARN_UNUSED_VARIABLE = YES;
				MACOSX_DEPLOYMENT_TARGET = 10.14;
				MTL_ENABLE_DEBUG_INFO = INCLUDE_SOURCE;
				MTL_FAST_MATH = YES;
				ONLY_ACTIVE_ARCH = YES;
				SDKROOT = macosx;
				SWIFT_ACTIVE_COMPILATION_CONDITIONS = DEBUG;
				SWIFT_OPTIMIZATION_LEVEL = "-Onone";
			};
			name = Debug;
		};
		3148B58223DE260F0075A192 /* Release */ = {
			isa = XCBuildConfiguration;
			buildSettings = {
				ALWAYS_SEARCH_USER_PATHS = NO;
				CLANG_ANALYZER_NONNULL = YES;
				CLANG_ANALYZER_NUMBER_OBJECT_CONVERSION = YES_AGGRESSIVE;
				CLANG_CXX_LANGUAGE_STANDARD = "gnu++14";
				CLANG_CXX_LIBRARY = "libc++";
				CLANG_ENABLE_MODULES = YES;
				CLANG_ENABLE_OBJC_ARC = YES;
				CLANG_ENABLE_OBJC_WEAK = YES;
				CLANG_WARN_BLOCK_CAPTURE_AUTORELEASING = YES;
				CLANG_WARN_BOOL_CONVERSION = YES;
				CLANG_WARN_COMMA = YES;
				CLANG_WARN_CONSTANT_CONVERSION = YES;
				CLANG_WARN_DEPRECATED_OBJC_IMPLEMENTATIONS = YES;
				CLANG_WARN_DIRECT_OBJC_ISA_USAGE = YES_ERROR;
				CLANG_WARN_DOCUMENTATION_COMMENTS = YES;
				CLANG_WARN_EMPTY_BODY = YES;
				CLANG_WARN_ENUM_CONVERSION = YES;
				CLANG_WARN_INFINITE_RECURSION = YES;
				CLANG_WARN_INT_CONVERSION = YES;
				CLANG_WARN_NON_LITERAL_NULL_CONVERSION = YES;
				CLANG_WARN_OBJC_IMPLICIT_RETAIN_SELF = YES;
				CLANG_WARN_OBJC_LITERAL_CONVERSION = YES;
				CLANG_WARN_OBJC_ROOT_CLASS = YES_ERROR;
				CLANG_WARN_RANGE_LOOP_ANALYSIS = YES;
				CLANG_WARN_STRICT_PROTOTYPES = YES;
				CLANG_WARN_SUSPICIOUS_MOVE = YES;
				CLANG_WARN_UNGUARDED_AVAILABILITY = YES_AGGRESSIVE;
				CLANG_WARN_UNREACHABLE_CODE = YES;
				CLANG_WARN__DUPLICATE_METHOD_MATCH = YES;
				CODE_SIGN_IDENTITY = "-";
				CODE_SIGN_STYLE = Automatic;
				COPY_PHASE_STRIP = NO;
				DEBUG_INFORMATION_FORMAT = "dwarf-with-dsym";
				DEVELOPMENT_TEAM = "";
				ENABLE_NS_ASSERTIONS = NO;
				ENABLE_STRICT_OBJC_MSGSEND = YES;
				GCC_C_LANGUAGE_STANDARD = gnu11;
				GCC_NO_COMMON_BLOCKS = YES;
				GCC_WARN_64_TO_32_BIT_CONVERSION = YES;
				GCC_WARN_ABOUT_RETURN_TYPE = YES_ERROR;
				GCC_WARN_UNDECLARED_SELECTOR = YES;
				GCC_WARN_UNINITIALIZED_AUTOS = YES_AGGRESSIVE;
				GCC_WARN_UNUSED_FUNCTION = YES;
				GCC_WARN_UNUSED_VARIABLE = YES;
				MACOSX_DEPLOYMENT_TARGET = 10.14;
				MTL_ENABLE_DEBUG_INFO = NO;
				MTL_FAST_MATH = YES;
				SDKROOT = macosx;
				SWIFT_COMPILATION_MODE = wholemodule;
				SWIFT_OPTIMIZATION_LEVEL = "-O";
			};
			name = Release;
		};
		3148B58423DE260F0075A192 /* Debug */ = {
			isa = XCBuildConfiguration;
			baseConfigurationReference = CC1B4C7E02B91F91EFFC3AB1 /* Pods-2FA to Tray.debug.xcconfig */;
			buildSettings = {
				ASSETCATALOG_COMPILER_APPICON_NAME = AppIcon;
				CODE_SIGN_ENTITLEMENTS = "2FA to Tray/2FAtoTray.entitlements";
				CODE_SIGN_IDENTITY = "Apple Development";
				CODE_SIGN_STYLE = Automatic;
				COMBINE_HIDPI_IMAGES = YES;
				CURRENT_PROJECT_VERSION = 9;
				DEVELOPMENT_TEAM = R2294BC6J8;
				ENABLE_HARDENED_RUNTIME = YES;
				INFOPLIST_FILE = "2FA to Tray/Info.plist";
				LD_RUNPATH_SEARCH_PATHS = (
					"$(inherited)",
					"@executable_path/../Frameworks",
				);
				MARKETING_VERSION = 1.4.2;
				PRODUCT_BUNDLE_IDENTIFIER = com.dafuqtor.2FAtoTray;
				PRODUCT_NAME = "$(TARGET_NAME)";
				PROVISIONING_PROFILE_SPECIFIER = "";
				SWIFT_VERSION = 5.0;
			};
			name = Debug;
		};
		3148B58523DE260F0075A192 /* Release */ = {
			isa = XCBuildConfiguration;
			baseConfigurationReference = 7103E84D3F79ED69F3DD35F8 /* Pods-2FA to Tray.release.xcconfig */;
			buildSettings = {
				ASSETCATALOG_COMPILER_APPICON_NAME = AppIcon;
				CODE_SIGN_ENTITLEMENTS = "2FA to Tray/2FAtoTray.entitlements";
				CODE_SIGN_IDENTITY = "Apple Development";
				CODE_SIGN_STYLE = Automatic;
				COMBINE_HIDPI_IMAGES = YES;
				CURRENT_PROJECT_VERSION = 9;
				DEVELOPMENT_TEAM = R2294BC6J8;
				ENABLE_HARDENED_RUNTIME = YES;
				INFOPLIST_FILE = "2FA to Tray/Info.plist";
				LD_RUNPATH_SEARCH_PATHS = (
					"$(inherited)",
					"@executable_path/../Frameworks",
				);
				MARKETING_VERSION = 1.4.2;
				PRODUCT_BUNDLE_IDENTIFIER = com.dafuqtor.2FAtoTray;
				PRODUCT_NAME = "$(TARGET_NAME)";
				PROVISIONING_PROFILE_SPECIFIER = "";
				SWIFT_VERSION = 5.0;
			};
			name = Release;
		};
/* End XCBuildConfiguration section */

/* Begin XCConfigurationList section */
		3148B57023DE260D0075A192 /* Build configuration list for PBXProject "2FA to Tray" */ = {
			isa = XCConfigurationList;
			buildConfigurations = (
				3148B58123DE260F0075A192 /* Debug */,
				3148B58223DE260F0075A192 /* Release */,
			);
			defaultConfigurationIsVisible = 0;
			defaultConfigurationName = Release;
		};
		3148B58323DE260F0075A192 /* Build configuration list for PBXNativeTarget "2FA to Tray" */ = {
			isa = XCConfigurationList;
			buildConfigurations = (
				3148B58423DE260F0075A192 /* Debug */,
				3148B58523DE260F0075A192 /* Release */,
			);
			defaultConfigurationIsVisible = 0;
			defaultConfigurationName = Release;
		};
/* End XCConfigurationList section */

/* Begin XCRemoteSwiftPackageReference section */
		313F4DB323E00DC40086E836 /* XCRemoteSwiftPackageReference "HotKey" */ = {
			isa = XCRemoteSwiftPackageReference;
			repositoryURL = "https://github.com/soffes/HotKey";
			requirement = {
				kind = upToNextMajorVersion;
				minimumVersion = 0.1.3;
			};
		};
		3152B18523DF762300B8FA7E /* XCRemoteSwiftPackageReference "KeychainAccess" */ = {
			isa = XCRemoteSwiftPackageReference;
			repositoryURL = "https://github.com/kishikawakatsumi/KeychainAccess.git";
			requirement = {
				kind = upToNextMajorVersion;
				minimumVersion = 4.1.0;
			};
		};
/* End XCRemoteSwiftPackageReference section */

/* Begin XCSwiftPackageProductDependency section */
		313F4DB423E00DC40086E836 /* HotKey */ = {
			isa = XCSwiftPackageProductDependency;
			package = 313F4DB323E00DC40086E836 /* XCRemoteSwiftPackageReference "HotKey" */;
			productName = HotKey;
		};
		3152B18623DF762300B8FA7E /* KeychainAccess */ = {
			isa = XCSwiftPackageProductDependency;
			package = 3152B18523DF762300B8FA7E /* XCRemoteSwiftPackageReference "KeychainAccess" */;
			productName = KeychainAccess;
		};
/* End XCSwiftPackageProductDependency section */
	};
	rootObject = 3148B56D23DE260D0075A192 /* Project object */;
}
